// !$*UTF8*$!
{
	archiveVersion = 1;
	classes = {
	};
	objectVersion = 50;
	objects = {

/* Begin PBXBuildFile section */
		15540207210A326C00C757EF /* AppDelegate.swift in Sources */ = {isa = PBXBuildFile; fileRef = 15540206210A326C00C757EF /* AppDelegate.swift */; };
		15540209210A326C00C757EF /* ViewController.swift in Sources */ = {isa = PBXBuildFile; fileRef = 15540208210A326C00C757EF /* ViewController.swift */; };
		1554020C210A326C00C757EF /* Main.storyboard in Resources */ = {isa = PBXBuildFile; fileRef = 1554020A210A326C00C757EF /* Main.storyboard */; };
		1554020E210A326C00C757EF /* Assets.xcassets in Resources */ = {isa = PBXBuildFile; fileRef = 1554020D210A326C00C757EF /* Assets.xcassets */; };
		15540211210A326C00C757EF /* LaunchScreen.storyboard in Resources */ = {isa = PBXBuildFile; fileRef = 1554020F210A326C00C757EF /* LaunchScreen.storyboard */; };
		15540219210A341700C757EF /* GoogleService-Info.plist in Resources */ = {isa = PBXBuildFile; fileRef = 15540218210A341700C757EF /* GoogleService-Info.plist */; };
		DFE9EA6FCED03D440F874586 /* Pods_Jardim_Irene_Mananger.framework in Frameworks */ = {isa = PBXBuildFile; fileRef = C5F149A7020CE6C8E7E26CB8 /* Pods_Jardim_Irene_Mananger.framework */; };
/* End PBXBuildFile section */

/* Begin PBXFileReference section */
		1516E4AE123475E4270B2380 /* Pods-Jardim Irene Mananger.debug.xcconfig */ = {isa = PBXFileReference; includeInIndex = 1; lastKnownFileType = text.xcconfig; name = "Pods-Jardim Irene Mananger.debug.xcconfig"; path = "Pods/Target Support Files/Pods-Jardim Irene Mananger/Pods-Jardim Irene Mananger.debug.xcconfig"; sourceTree = "<group>"; };
		15540203210A326C00C757EF /* Jardim Irene Mananger.app */ = {isa = PBXFileReference; explicitFileType = wrapper.application; includeInIndex = 0; path = "Jardim Irene Mananger.app"; sourceTree = BUILT_PRODUCTS_DIR; };
		15540206210A326C00C757EF /* AppDelegate.swift */ = {isa = PBXFileReference; lastKnownFileType = sourcecode.swift; path = AppDelegate.swift; sourceTree = "<group>"; };
		15540208210A326C00C757EF /* ViewController.swift */ = {isa = PBXFileReference; lastKnownFileType = sourcecode.swift; path = ViewController.swift; sourceTree = "<group>"; };
		1554020B210A326C00C757EF /* Base */ = {isa = PBXFileReference; lastKnownFileType = file.storyboard; name = Base; path = Base.lproj/Main.storyboard; sourceTree = "<group>"; };
		1554020D210A326C00C757EF /* Assets.xcassets */ = {isa = PBXFileReference; lastKnownFileType = folder.assetcatalog; path = Assets.xcassets; sourceTree = "<group>"; };
		15540210210A326C00C757EF /* Base */ = {isa = PBXFileReference; lastKnownFileType = file.storyboard; name = Base; path = Base.lproj/LaunchScreen.storyboard; sourceTree = "<group>"; };
		15540212210A326C00C757EF /* Info.plist */ = {isa = PBXFileReference; lastKnownFileType = text.plist.xml; path = Info.plist; sourceTree = "<group>"; };
		15540218210A341700C757EF /* GoogleService-Info.plist */ = {isa = PBXFileReference; fileEncoding = 4; lastKnownFileType = text.plist.xml; path = "GoogleService-Info.plist"; sourceTree = SOURCE_ROOT; };
		3D270D00D633A06A4C57CA73 /* Pods-Jardim Irene Mananger.release.xcconfig */ = {isa = PBXFileReference; includeInIndex = 1; lastKnownFileType = text.xcconfig; name = "Pods-Jardim Irene Mananger.release.xcconfig"; path = "Pods/Target Support Files/Pods-Jardim Irene Mananger/Pods-Jardim Irene Mananger.release.xcconfig"; sourceTree = "<group>"; };
		C5F149A7020CE6C8E7E26CB8 /* Pods_Jardim_Irene_Mananger.framework */ = {isa = PBXFileReference; explicitFileType = wrapper.framework; includeInIndex = 0; path = Pods_Jardim_Irene_Mananger.framework; sourceTree = BUILT_PRODUCTS_DIR; };
/* End PBXFileReference section */

/* Begin PBXFrameworksBuildPhase section */
		15540200210A326C00C757EF /* Frameworks */ = {
			isa = PBXFrameworksBuildPhase;
			buildActionMask = 2147483647;
			files = (
				DFE9EA6FCED03D440F874586 /* Pods_Jardim_Irene_Mananger.framework in Frameworks */,
			);
			runOnlyForDeploymentPostprocessing = 0;
		};
/* End PBXFrameworksBuildPhase section */

/* Begin PBXGroup section */
		155401FA210A326C00C757EF = {
			isa = PBXGroup;
			children = (
				15540205210A326C00C757EF /* Jardim Irene Mananger */,
				15540204210A326C00C757EF /* Products */,
				D46BABA330B2401D2C255FE2 /* Pods */,
				8CAED20FBC15B8C8F9F49633 /* Frameworks */,
			);
			sourceTree = "<group>";
		};
		15540204210A326C00C757EF /* Products */ = {
			isa = PBXGroup;
			children = (
				15540203210A326C00C757EF /* Jardim Irene Mananger.app */,
			);
			name = Products;
			sourceTree = "<group>";
		};
		15540205210A326C00C757EF /* Jardim Irene Mananger */ = {
			isa = PBXGroup;
			children = (
				15540206210A326C00C757EF /* AppDelegate.swift */,
				15540208210A326C00C757EF /* ViewController.swift */,
				1554020A210A326C00C757EF /* Main.storyboard */,
				1554020D210A326C00C757EF /* Assets.xcassets */,
				1554020F210A326C00C757EF /* LaunchScreen.storyboard */,
				15540218210A341700C757EF /* GoogleService-Info.plist */,
				15540212210A326C00C757EF /* Info.plist */,
			);
			path = "Jardim Irene Mananger";
			sourceTree = "<group>";
		};
		8CAED20FBC15B8C8F9F49633 /* Frameworks */ = {
			isa = PBXGroup;
			children = (
				C5F149A7020CE6C8E7E26CB8 /* Pods_Jardim_Irene_Mananger.framework */,
			);
			name = Frameworks;
			sourceTree = "<group>";
		};
		D46BABA330B2401D2C255FE2 /* Pods */ = {
			isa = PBXGroup;
			children = (
				1516E4AE123475E4270B2380 /* Pods-Jardim Irene Mananger.debug.xcconfig */,
				3D270D00D633A06A4C57CA73 /* Pods-Jardim Irene Mananger.release.xcconfig */,
			);
			name = Pods;
			sourceTree = "<group>";
		};
/* End PBXGroup section */

/* Begin PBXNativeTarget section */
		15540202210A326C00C757EF /* Jardim Irene Mananger */ = {
			isa = PBXNativeTarget;
			buildConfigurationList = 15540215210A326C00C757EF /* Build configuration list for PBXNativeTarget "Jardim Irene Mananger" */;
			buildPhases = (
				084E981C060D8DDE7A825DAA /* [CP] Check Pods Manifest.lock */,
				155401FF210A326C00C757EF /* Sources */,
				15540200210A326C00C757EF /* Frameworks */,
				15540201210A326C00C757EF /* Resources */,
				92FA8AB320205E360F08FA99 /* [CP] Embed Pods Frameworks */,
			);
			buildRules = (
			);
			dependencies = (
			);
			name = "Jardim Irene Mananger";
			productName = "Jardim Irene Mananger";
			productReference = 15540203210A326C00C757EF /* Jardim Irene Mananger.app */;
			productType = "com.apple.product-type.application";
		};
/* End PBXNativeTarget section */

/* Begin PBXProject section */
		155401FB210A326C00C757EF /* Project object */ = {
			isa = PBXProject;
			attributes = {
				LastSwiftUpdateCheck = 0940;
				LastUpgradeCheck = 0940;
				ORGANIZATIONNAME = "Bruno Rocca";
				TargetAttributes = {
					15540202210A326C00C757EF = {
						CreatedOnToolsVersion = 9.4.1;
					};
				};
			};
			buildConfigurationList = 155401FE210A326C00C757EF /* Build configuration list for PBXProject "Jardim Irene Mananger" */;
			compatibilityVersion = "Xcode 9.3";
			developmentRegion = en;
			hasScannedForEncodings = 0;
			knownRegions = (
				en,
				Base,
			);
			mainGroup = 155401FA210A326C00C757EF;
			productRefGroup = 15540204210A326C00C757EF /* Products */;
			projectDirPath = "";
			projectRoot = "";
			targets = (
				15540202210A326C00C757EF /* Jardim Irene Mananger */,
			);
		};
/* End PBXProject section */

/* Begin PBXResourcesBuildPhase section */
		15540201210A326C00C757EF /* Resources */ = {
			isa = PBXResourcesBuildPhase;
			buildActionMask = 2147483647;
			files = (
				15540211210A326C00C757EF /* LaunchScreen.storyboard in Resources */,
				15540219210A341700C757EF /* GoogleService-Info.plist in Resources */,
				1554020E210A326C00C757EF /* Assets.xcassets in Resources */,
				1554020C210A326C00C757EF /* Main.storyboard in Resources */,
			);
			runOnlyForDeploymentPostprocessing = 0;
		};
/* End PBXResourcesBuildPhase section */

/* Begin PBXShellScriptBuildPhase section */
		084E981C060D8DDE7A825DAA /* [CP] Check Pods Manifest.lock */ = {
			isa = PBXShellScriptBuildPhase;
			buildActionMask = 2147483647;
			files = (
			);
			inputPaths = (
				"${PODS_PODFILE_DIR_PATH}/Podfile.lock",
				"${PODS_ROOT}/Manifest.lock",
			);
			name = "[CP] Check Pods Manifest.lock";
			outputPaths = (
				"$(DERIVED_FILE_DIR)/Pods-Jardim Irene Mananger-checkManifestLockResult.txt",
			);
			runOnlyForDeploymentPostprocessing = 0;
			shellPath = /bin/sh;
			shellScript = "diff \"${PODS_PODFILE_DIR_PATH}/Podfile.lock\" \"${PODS_ROOT}/Manifest.lock\" > /dev/null\nif [ $? != 0 ] ; then\n    # print error to STDERR\n    echo \"error: The sandbox is not in sync with the Podfile.lock. Run 'pod install' or update your CocoaPods installation.\" >&2\n    exit 1\nfi\n# This output is used by Xcode 'outputs' to avoid re-running this script phase.\necho \"SUCCESS\" > \"${SCRIPT_OUTPUT_FILE_0}\"\n";
			showEnvVarsInLog = 0;
		};
		92FA8AB320205E360F08FA99 /* [CP] Embed Pods Frameworks */ = {
			isa = PBXShellScriptBuildPhase;
			buildActionMask = 2147483647;
			files = (
			);
			inputPaths = (
				"${SRCROOT}/Pods/Target Support Files/Pods-Jardim Irene Mananger/Pods-Jardim Irene Mananger-frameworks.sh",
				"${BUILT_PRODUCTS_DIR}/Alamofire/Alamofire.framework",
				"${BUILT_PRODUCTS_DIR}/GoogleToolboxForMac/GoogleToolboxForMac.framework",
				"${BUILT_PRODUCTS_DIR}/SwiftyJSON/SwiftyJSON.framework",
				"${BUILT_PRODUCTS_DIR}/leveldb-library/leveldb.framework",
				"${BUILT_PRODUCTS_DIR}/nanopb/nanopb.framework",
			);
			name = "[CP] Embed Pods Frameworks";
			outputPaths = (
				"${TARGET_BUILD_DIR}/${FRAMEWORKS_FOLDER_PATH}/Alamofire.framework",
				"${TARGET_BUILD_DIR}/${FRAMEWORKS_FOLDER_PATH}/GoogleToolboxForMac.framework",
				"${TARGET_BUILD_DIR}/${FRAMEWORKS_FOLDER_PATH}/SwiftyJSON.framework",
				"${TARGET_BUILD_DIR}/${FRAMEWORKS_FOLDER_PATH}/leveldb.framework",
				"${TARGET_BUILD_DIR}/${FRAMEWORKS_FOLDER_PATH}/nanopb.framework",
			);
			runOnlyForDeploymentPostprocessing = 0;
			shellPath = /bin/sh;
			shellScript = "\"${SRCROOT}/Pods/Target Support Files/Pods-Jardim Irene Mananger/Pods-Jardim Irene Mananger-frameworks.sh\"\n";
			showEnvVarsInLog = 0;
		};
/* End PBXShellScriptBuildPhase section */

/* Begin PBXSourcesBuildPhase section */
		155401FF210A326C00C757EF /* Sources */ = {
			isa = PBXSourcesBuildPhase;
			buildActionMask = 2147483647;
			files = (
				15540209210A326C00C757EF /* ViewController.swift in Sources */,
				15540207210A326C00C757EF /* AppDelegate.swift in Sources */,
			);
			runOnlyForDeploymentPostprocessing = 0;
		};
/* End PBXSourcesBuildPhase section */

/* Begin PBXVariantGroup section */
		1554020A210A326C00C757EF /* Main.storyboard */ = {
			isa = PBXVariantGroup;
			children = (
				1554020B210A326C00C757EF /* Base */,
			);
			name = Main.storyboard;
			sourceTree = "<group>";
		};
		1554020F210A326C00C757EF /* LaunchScreen.storyboard */ = {
			isa = PBXVariantGroup;
			children = (
				15540210210A326C00C757EF /* Base */,
			);
			name = LaunchScreen.storyboard;
			sourceTree = "<group>";
		};
/* End PBXVariantGroup section */

/* Begin XCBuildConfiguration section */
		15540213210A326C00C757EF /* Debug */ = {
			isa = XCBuildConfiguration;
			buildSettings = {
				ALWAYS_SEARCH_USER_PATHS = NO;
				CLANG_ANALYZER_NONNULL = YES;
				CLANG_ANALYZER_NUMBER_OBJECT_CONVERSION = YES_AGGRESSIVE;
				CLANG_CXX_LANGUAGE_STANDARD = "gnu++14";
				CLANG_CXX_LIBRARY = "libc++";
				CLANG_ENABLE_MODULES = YES;
				CLANG_ENABLE_OBJC_ARC = YES;
				CLANG_ENABLE_OBJC_WEAK = YES;
				CLANG_WARN_BLOCK_CAPTURE_AUTORELEASING = YES;
				CLANG_WARN_BOOL_CONVERSION = YES;
				CLANG_WARN_COMMA = YES;
				CLANG_WARN_CONSTANT_CONVERSION = YES;
				CLANG_WARN_DEPRECATED_OBJC_IMPLEMENTATIONS = YES;
				CLANG_WARN_DIRECT_OBJC_ISA_USAGE = YES_ERROR;
				CLANG_WARN_DOCUMENTATION_COMMENTS = YES;
				CLANG_WARN_EMPTY_BODY = YES;
				CLANG_WARN_ENUM_CONVERSION = YES;
				CLANG_WARN_INFINITE_RECURSION = YES;
				CLANG_WARN_INT_CONVERSION = YES;
				CLANG_WARN_NON_LITERAL_NULL_CONVERSION = YES;
				CLANG_WARN_OBJC_IMPLICIT_RETAIN_SELF = YES;
				CLANG_WARN_OBJC_LITERAL_CONVERSION = YES;
				CLANG_WARN_OBJC_ROOT_CLASS = YES_ERROR;
				CLANG_WARN_RANGE_LOOP_ANALYSIS = YES;
				CLANG_WARN_STRICT_PROTOTYPES = YES;
				CLANG_WARN_SUSPICIOUS_MOVE = YES;
				CLANG_WARN_UNGUARDED_AVAILABILITY = YES_AGGRESSIVE;
				CLANG_WARN_UNREACHABLE_CODE = YES;
				CLANG_WARN__DUPLICATE_METHOD_MATCH = YES;
				CODE_SIGN_IDENTITY = "iPhone Developer";
				COPY_PHASE_STRIP = NO;
				DEBUG_INFORMATION_FORMAT = dwarf;
				ENABLE_STRICT_OBJC_MSGSEND = YES;
				ENABLE_TESTABILITY = YES;
				GCC_C_LANGUAGE_STANDARD = gnu11;
				GCC_DYNAMIC_NO_PIC = NO;
				GCC_NO_COMMON_BLOCKS = YES;
				GCC_OPTIMIZATION_LEVEL = 0;
				GCC_PREPROCESSOR_DEFINITIONS = (
					"DEBUG=1",
					"$(inherited)",
				);
				GCC_WARN_64_TO_32_BIT_CONVERSION = YES;
				GCC_WARN_ABOUT_RETURN_TYPE = YES_ERROR;
				GCC_WARN_UNDECLARED_SELECTOR = YES;
				GCC_WARN_UNINITIALIZED_AUTOS = YES_AGGRESSIVE;
				GCC_WARN_UNUSED_FUNCTION = YES;
				GCC_WARN_UNUSED_VARIABLE = YES;
				IPHONEOS_DEPLOYMENT_TARGET = 11.4;
				MTL_ENABLE_DEBUG_INFO = YES;
				ONLY_ACTIVE_ARCH = YES;
				SDKROOT = iphoneos;
				SWIFT_ACTIVE_COMPILATION_CONDITIONS = DEBUG;
				SWIFT_OPTIMIZATION_LEVEL = "-Onone";
			};
			name = Debug;
		};
		15540214210A326C00C757EF /* Release */ = {
			isa = XCBuildConfiguration;
			buildSettings = {
				ALWAYS_SEARCH_USER_PATHS = NO;
				CLANG_ANALYZER_NONNULL = YES;
				CLANG_ANALYZER_NUMBER_OBJECT_CONVERSION = YES_AGGRESSIVE;
				CLANG_CXX_LANGUAGE_STANDARD = "gnu++14";
				CLANG_CXX_LIBRARY = "libc++";
				CLANG_ENABLE_MODULES = YES;
				CLANG_ENABLE_OBJC_ARC = YES;
				CLANG_ENABLE_OBJC_WEAK = YES;
				CLANG_WARN_BLOCK_CAPTURE_AUTORELEASING = YES;
				CLANG_WARN_BOOL_CONVERSION = YES;
				CLANG_WARN_COMMA = YES;
				CLANG_WARN_CONSTANT_CONVERSION = YES;
				CLANG_WARN_DEPRECATED_OBJC_IMPLEMENTATIONS = YES;
				CLANG_WARN_DIRECT_OBJC_ISA_USAGE = YES_ERROR;
				CLANG_WARN_DOCUMENTATION_COMMENTS = YES;
				CLANG_WARN_EMPTY_BODY = YES;
				CLANG_WARN_ENUM_CONVERSION = YES;
				CLANG_WARN_INFINITE_RECURSION = YES;
				CLANG_WARN_INT_CONVERSION = YES;
				CLANG_WARN_NON_LITERAL_NULL_CONVERSION = YES;
				CLANG_WARN_OBJC_IMPLICIT_RETAIN_SELF = YES;
				CLANG_WARN_OBJC_LITERAL_CONVERSION = YES;
				CLANG_WARN_OBJC_ROOT_CLASS = YES_ERROR;
				CLANG_WARN_RANGE_LOOP_ANALYSIS = YES;
				CLANG_WARN_STRICT_PROTOTYPES = YES;
				CLANG_WARN_SUSPICIOUS_MOVE = YES;
				CLANG_WARN_UNGUARDED_AVAILABILITY = YES_AGGRESSIVE;
				CLANG_WARN_UNREACHABLE_CODE = YES;
				CLANG_WARN__DUPLICATE_METHOD_MATCH = YES;
				CODE_SIGN_IDENTITY = "iPhone Developer";
				COPY_PHASE_STRIP = NO;
				DEBUG_INFORMATION_FORMAT = "dwarf-with-dsym";
				ENABLE_NS_ASSERTIONS = NO;
				ENABLE_STRICT_OBJC_MSGSEND = YES;
				GCC_C_LANGUAGE_STANDARD = gnu11;
				GCC_NO_COMMON_BLOCKS = YES;
				GCC_WARN_64_TO_32_BIT_CONVERSION = YES;
				GCC_WARN_ABOUT_RETURN_TYPE = YES_ERROR;
				GCC_WARN_UNDECLARED_SELECTOR = YES;
				GCC_WARN_UNINITIALIZED_AUTOS = YES_AGGRESSIVE;
				GCC_WARN_UNUSED_FUNCTION = YES;
				GCC_WARN_UNUSED_VARIABLE = YES;
				IPHONEOS_DEPLOYMENT_TARGET = 11.4;
				MTL_ENABLE_DEBUG_INFO = NO;
				SDKROOT = iphoneos;
				SWIFT_COMPILATION_MODE = wholemodule;
				SWIFT_OPTIMIZATION_LEVEL = "-O";
				VALIDATE_PRODUCT = YES;
			};
			name = Release;
		};
		15540216210A326C00C757EF /* Debug */ = {
			isa = XCBuildConfiguration;
			baseConfigurationReference = 1516E4AE123475E4270B2380 /* Pods-Jardim Irene Mananger.debug.xcconfig */;
			buildSettings = {
				ASSETCATALOG_COMPILER_APPICON_NAME = AppIcon;
				CODE_SIGN_STYLE = Automatic;
				DEVELOPMENT_TEAM = 2KA4J2KCXX;
				INFOPLIST_FILE = "Jardim Irene Mananger/Info.plist";
				LD_RUNPATH_SEARCH_PATHS = (
					"$(inherited)",
					"@executable_path/Frameworks",
				);
				PRODUCT_BUNDLE_IDENTIFIER = "Bruno-Rocca.Jardim-Irene-Mananger";
				PRODUCT_NAME = "$(TARGET_NAME)";
				SWIFT_VERSION = 4.0;
				TARGETED_DEVICE_FAMILY = "1,2";
			};
			name = Debug;
		};
		15540217210A326C00C757EF /* Release */ = {
			isa = XCBuildConfiguration;
			baseConfigurationReference = 3D270D00D633A06A4C57CA73 /* Pods-Jardim Irene Mananger.release.xcconfig */;
			buildSettings = {
				ASSETCATALOG_COMPILER_APPICON_NAME = AppIcon;
				CODE_SIGN_STYLE = Automatic;
				DEVELOPMENT_TEAM = 2KA4J2KCXX;
				INFOPLIST_FILE = "Jardim Irene Mananger/Info.plist";
				LD_RUNPATH_SEARCH_PATHS = (
					"$(inherited)",
					"@executable_path/Frameworks",
				);
				PRODUCT_BUNDLE_IDENTIFIER = "Bruno-Rocca.Jardim-Irene-Mananger";
				PRODUCT_NAME = "$(TARGET_NAME)";
				SWIFT_VERSION = 4.0;
				TARGETED_DEVICE_FAMILY = "1,2";
			};
			name = Release;
		};
/* End XCBuildConfiguration section */

/* Begin XCConfigurationList section */
		155401FE210A326C00C757EF /* Build configuration list for PBXProject "Jardim Irene Mananger" */ = {
			isa = XCConfigurationList;
			buildConfigurations = (
				15540213210A326C00C757EF /* Debug */,
				15540214210A326C00C757EF /* Release */,
			);
			defaultConfigurationIsVisible = 0;
			defaultConfigurationName = Release;
		};
		15540215210A326C00C757EF /* Build configuration list for PBXNativeTarget "Jardim Irene Mananger" */ = {
			isa = XCConfigurationList;
			buildConfigurations = (
				15540216210A326C00C757EF /* Debug */,
				15540217210A326C00C757EF /* Release */,
			);
			defaultConfigurationIsVisible = 0;
			defaultConfigurationName = Release;
		};
/* End XCConfigurationList section */
	};
	rootObject = 155401FB210A326C00C757EF /* Project object */;
}
